
Microsoft Visual Studio Solution File, Format Version 12.00
# Visual Studio Version 16
VisualStudioVersion = 25.0.1704.0
MinimumVisualStudioVersion = 10.0.40219.1
Project("{FAE04EC0-301F-11D3-BF4B-00C04F79EFBC}") = "StringLibrary", "StringLibrary.csproj", "{3A6E5B20-7FA5-4B84-88CD-50A5DECCD2AD}"
EndProject
Project("{FAE04EC0-301F-11D3-BF4B-00C04F79EFBC}") = "ShowCase", "..\ShowCase\ShowCase.csproj", "{FD58578E-2530-4F9C-9FBA-C494D43B81C9}"
EndProject
Project("{FAE04EC0-301F-11D3-BF4B-00C04F79EFBC}") = "StringLibraryTest", "..\StringLibraryTest\StringLibraryTest.csproj", "{69E44783-D48F-42CC-AFD5-55F1FAE7AA4E}"
EndProject
Global
	GlobalSection(SolutionConfigurationPlatforms) = preSolution
		Debug|Any CPU = Debug|Any CPU
		Release|Any CPU = Release|Any CPU
	EndGlobalSection
	GlobalSection(ProjectConfigurationPlatforms) = postSolution
		{3A6E5B20-7FA5-4B84-88CD-50A5DECCD2AD}.Debug|Any CPU.ActiveCfg = Debug|Any CPU
		{3A6E5B20-7FA5-4B84-88CD-50A5DECCD2AD}.Debug|Any CPU.Build.0 = Debug|Any CPU
		{3A6E5B20-7FA5-4B84-88CD-50A5DECCD2AD}.Release|Any CPU.ActiveCfg = Release|Any CPU
		{3A6E5B20-7FA5-4B84-88CD-50A5DECCD2AD}.Release|Any CPU.Build.0 = Release|Any CPU
		{FD58578E-2530-4F9C-9FBA-C494D43B81C9}.Debug|Any CPU.ActiveCfg = Debug|Any CPU
		{FD58578E-2530-4F9C-9FBA-C494D43B81C9}.Debug|Any CPU.Build.0 = Debug|Any CPU
		{FD58578E-2530-4F9C-9FBA-C494D43B81C9}.Release|Any CPU.ActiveCfg = Release|Any CPU
		{FD58578E-2530-4F9C-9FBA-C494D43B81C9}.Release|Any CPU.Build.0 = Release|Any CPU
		{69E44783-D48F-42CC-AFD5-55F1FAE7AA4E}.Debug|Any CPU.ActiveCfg = Debug|Any CPU
		{69E44783-D48F-42CC-AFD5-55F1FAE7AA4E}.Debug|Any CPU.Build.0 = Debug|Any CPU
		{69E44783-D48F-42CC-AFD5-55F1FAE7AA4E}.Release|Any CPU.ActiveCfg = Release|Any CPU
		{69E44783-D48F-42CC-AFD5-55F1FAE7AA4E}.Release|Any CPU.Build.0 = Release|Any CPU
	EndGlobalSection
	GlobalSection(SolutionProperties) = preSolution
		HideSolutionNode = FALSE
	EndGlobalSection
	GlobalSection(ExtensibilityGlobals) = postSolution
		SolutionGuid = {5FCB3736-5896-4191-B752-357CE32C012A}
	EndGlobalSection
EndGlobal
